// !$*UTF8*$!
{
	archiveVersion = 1;
	classes = {
	};
	objectVersion = 46;
	objects = {

/* Begin PBXBuildFile section */
		C3AF263F179452CF0054D90F /* IRXDaemon.cpp in Sources */ = {isa = PBXBuildFile; fileRef = C3AF261E179452CF0054D90F /* IRXDaemon.cpp */; };
		C3AF2640179452CF0054D90F /* ExtentManager.cpp in Sources */ = {isa = PBXBuildFile; fileRef = C3AF2621179452CF0054D90F /* ExtentManager.cpp */; };
		C3AF2641179452CF0054D90F /* getmntopts.c in Sources */ = {isa = PBXBuildFile; fileRef = C3AF2624179452CF0054D90F /* getmntopts.c */; };
		C3AF2642179452CF0054D90F /* humanize_number.c in Sources */ = {isa = PBXBuildFile; fileRef = C3AF2626179452CF0054D90F /* humanize_number.c */; };
		C3AF2643179452CF0054D90F /* pidfile.c in Sources */ = {isa = PBXBuildFile; fileRef = C3AF2630179452CF0054D90F /* pidfile.c */; };
		C3AF2644179452CF0054D90F /* realhostname.c in Sources */ = {isa = PBXBuildFile; fileRef = C3AF2632179452CF0054D90F /* realhostname.c */; };
		C3AF2645179452CF0054D90F /* reexec_to_match_kernel.c in Sources */ = {isa = PBXBuildFile; fileRef = C3AF2635179452CF0054D90F /* reexec_to_match_kernel.c */; };
		C3AF2646179452CF0054D90F /* trimdomain.c in Sources */ = {isa = PBXBuildFile; fileRef = C3AF2637179452CF0054D90F /* trimdomain.c */; };
		C3AF2647179452CF0054D90F /* wipefs.cpp in Sources */ = {isa = PBXBuildFile; fileRef = C3AF2639179452CF0054D90F /* wipefs.cpp */; };
		C3AF2648179452CF0054D90F /* main.cpp in Sources */ = {isa = PBXBuildFile; fileRef = C3AF263B179452CF0054D90F /* main.cpp */; };
		C3AF264F179455230054D90F /* templated.cpp in Sources */ = {isa = PBXBuildFile; fileRef = C3AF264D179455230054D90F /* templated.cpp */; };
/* End PBXBuildFile section */

/* Begin PBXContainerItemProxy section */
		C3AF264A179452D00054D90F /* PBXContainerItemProxy */ = {
			isa = PBXContainerItemProxy;
			containerPortal = C3AF262B179452CF0054D90F /* libutil.xcodeproj */;
			proxyType = 2;
			remoteGlobalIDString = BA79F9C513BB718B006A292D;
			remoteInfo = util;
		};
/* End PBXContainerItemProxy section */

/* Begin PBXCopyFilesBuildPhase section */
		C329495E1758DB15001190E6 /* CopyFiles */ = {
			isa = PBXCopyFilesBuildPhase;
			buildActionMask = 2147483647;
			dstPath = /usr/share/man/man1/;
			dstSubfolderSpec = 0;
			files = (
			);
			runOnlyForDeploymentPostprocessing = 1;
		};
/* End PBXCopyFilesBuildPhase section */

/* Begin PBXFileReference section */
		C32949601758DB15001190E6 /* templated */ = {isa = PBXFileReference; explicitFileType = "compiled.mach-o.executable"; includeInIndex = 0; path = templated; sourceTree = BUILT_PRODUCTS_DIR; };
		C3AF261E179452CF0054D90F /* IRXDaemon.cpp */ = {isa = PBXFileReference; fileEncoding = 4; lastKnownFileType = sourcecode.cpp.cpp; path = IRXDaemon.cpp; sourceTree = "<group>"; };
		C3AF261F179452CF0054D90F /* IRXDaemon.h */ = {isa = PBXFileReference; fileEncoding = 4; lastKnownFileType = sourcecode.c.h; path = IRXDaemon.h; sourceTree = "<group>"; };
		C3AF2621179452CF0054D90F /* ExtentManager.cpp */ = {isa = PBXFileReference; fileEncoding = 4; lastKnownFileType = sourcecode.cpp.cpp; path = ExtentManager.cpp; sourceTree = "<group>"; };
		C3AF2622179452CF0054D90F /* ExtentManager.h */ = {isa = PBXFileReference; fileEncoding = 4; lastKnownFileType = sourcecode.c.h; path = ExtentManager.h; sourceTree = "<group>"; };
		C3AF2623179452CF0054D90F /* getmntopts.3 */ = {isa = PBXFileReference; fileEncoding = 4; lastKnownFileType = text; path = getmntopts.3; sourceTree = "<group>"; };
		C3AF2624179452CF0054D90F /* getmntopts.c */ = {isa = PBXFileReference; fileEncoding = 4; lastKnownFileType = sourcecode.c.c; path = getmntopts.c; sourceTree = "<group>"; };
		C3AF2625179452CF0054D90F /* humanize_number.3 */ = {isa = PBXFileReference; fileEncoding = 4; lastKnownFileType = text; path = humanize_number.3; sourceTree = "<group>"; };
		C3AF2626179452CF0054D90F /* humanize_number.c */ = {isa = PBXFileReference; fileEncoding = 4; lastKnownFileType = sourcecode.c.c; path = humanize_number.c; sourceTree = "<group>"; };
		C3AF2627179452CF0054D90F /* libutil.exports */ = {isa = PBXFileReference; fileEncoding = 4; lastKnownFileType = text; path = libutil.exports; sourceTree = "<group>"; };
		C3AF2628179452CF0054D90F /* libutil.h */ = {isa = PBXFileReference; fileEncoding = 4; lastKnownFileType = sourcecode.c.h; path = libutil.h; sourceTree = "<group>"; };
		C3AF2629179452CF0054D90F /* libutil.plist */ = {isa = PBXFileReference; fileEncoding = 4; lastKnownFileType = text.plist.xml; path = libutil.plist; sourceTree = "<group>"; };
		C3AF262A179452CF0054D90F /* libutil.txt */ = {isa = PBXFileReference; fileEncoding = 4; lastKnownFileType = text; path = libutil.txt; sourceTree = "<group>"; };
		C3AF262B179452CF0054D90F /* libutil.xcodeproj */ = {isa = PBXFileReference; lastKnownFileType = "wrapper.pb-project"; path = libutil.xcodeproj; sourceTree = "<group>"; };
		C3AF262E179452CF0054D90F /* mntopts.h */ = {isa = PBXFileReference; fileEncoding = 4; lastKnownFileType = sourcecode.c.h; path = mntopts.h; sourceTree = "<group>"; };
		C3AF262F179452CF0054D90F /* pidfile.3 */ = {isa = PBXFileReference; fileEncoding = 4; lastKnownFileType = text; path = pidfile.3; sourceTree = "<group>"; };
		C3AF2630179452CF0054D90F /* pidfile.c */ = {isa = PBXFileReference; fileEncoding = 4; lastKnownFileType = sourcecode.c.c; path = pidfile.c; sourceTree = "<group>"; };
		C3AF2631179452CF0054D90F /* realhostname.3 */ = {isa = PBXFileReference; fileEncoding = 4; lastKnownFileType = text; path = realhostname.3; sourceTree = "<group>"; };
		C3AF2632179452CF0054D90F /* realhostname.c */ = {isa = PBXFileReference; fileEncoding = 4; lastKnownFileType = sourcecode.c.c; path = realhostname.c; sourceTree = "<group>"; };
		C3AF2633179452CF0054D90F /* realhostname_sa.3 */ = {isa = PBXFileReference; fileEncoding = 4; lastKnownFileType = text; path = realhostname_sa.3; sourceTree = "<group>"; };
		C3AF2634179452CF0054D90F /* reexec_to_match_kernel.3 */ = {isa = PBXFileReference; fileEncoding = 4; lastKnownFileType = text; path = reexec_to_match_kernel.3; sourceTree = "<group>"; };
		C3AF2635179452CF0054D90F /* reexec_to_match_kernel.c */ = {isa = PBXFileReference; fileEncoding = 4; lastKnownFileType = sourcecode.c.c; path = reexec_to_match_kernel.c; sourceTree = "<group>"; };
		C3AF2636179452CF0054D90F /* trimdomain.3 */ = {isa = PBXFileReference; fileEncoding = 4; lastKnownFileType = text; path = trimdomain.3; sourceTree = "<group>"; };
		C3AF2637179452CF0054D90F /* trimdomain.c */ = {isa = PBXFileReference; fileEncoding = 4; lastKnownFileType = sourcecode.c.c; path = trimdomain.c; sourceTree = "<group>"; };
		C3AF2638179452CF0054D90F /* wipefs.3 */ = {isa = PBXFileReference; fileEncoding = 4; lastKnownFileType = text; path = wipefs.3; sourceTree = "<group>"; };
		C3AF2639179452CF0054D90F /* wipefs.cpp */ = {isa = PBXFileReference; fileEncoding = 4; lastKnownFileType = sourcecode.cpp.cpp; path = wipefs.cpp; sourceTree = "<group>"; };
		C3AF263A179452CF0054D90F /* wipefs.h */ = {isa = PBXFileReference; fileEncoding = 4; lastKnownFileType = sourcecode.c.h; path = wipefs.h; sourceTree = "<group>"; };
		C3AF263B179452CF0054D90F /* main.cpp */ = {isa = PBXFileReference; fileEncoding = 4; lastKnownFileType = sourcecode.cpp.cpp; path = main.cpp; sourceTree = "<group>"; };
		C3AF263E179452CF0054D90F /* libutil-30.tar.gz */ = {isa = PBXFileReference; lastKnownFileType = archive.gzip; name = "libutil-30.tar.gz"; path = "libs/IRX/IRXDaemon/~original/libutil-30.tar.gz"; sourceTree = SOURCE_ROOT; };
		C3AF264D179455230054D90F /* templated.cpp */ = {isa = PBXFileReference; fileEncoding = 4; lastKnownFileType = sourcecode.cpp.cpp; path = templated.cpp; sourceTree = "<group>"; };
		C3AF264E179455230054D90F /* templated.h */ = {isa = PBXFileReference; fileEncoding = 4; lastKnownFileType = sourcecode.c.h; path = templated.h; sourceTree = "<group>"; };
/* End PBXFileReference section */

/* Begin PBXFrameworksBuildPhase section */
		C329495D1758DB15001190E6 /* Frameworks */ = {
			isa = PBXFrameworksBuildPhase;
			buildActionMask = 2147483647;
			files = (
			);
			runOnlyForDeploymentPostprocessing = 0;
		};
/* End PBXFrameworksBuildPhase section */

/* Begin PBXGroup section */
		C32949571758DB15001190E6 = {
			isa = PBXGroup;
			children = (
				C32949621758DB15001190E6 /* templated */,
				C32949701758DB94001190E6 /* libs */,
				C32949611758DB15001190E6 /* Products */,
			);
			sourceTree = "<group>";
		};
		C32949611758DB15001190E6 /* Products */ = {
			isa = PBXGroup;
			children = (
				C32949601758DB15001190E6 /* templated */,
			);
			name = Products;
			sourceTree = "<group>";
		};
		C32949621758DB15001190E6 /* templated */ = {
			isa = PBXGroup;
			children = (
				C3AF264D179455230054D90F /* templated.cpp */,
				C3AF264E179455230054D90F /* templated.h */,
			);
			path = templated;
			sourceTree = "<group>";
		};
		C32949701758DB94001190E6 /* libs */ = {
			isa = PBXGroup;
			children = (
				C3AF261B179452CF0054D90F /* IRX */,
			);
			name = libs;
			sourceTree = "<group>";
		};
		C3AF261B179452CF0054D90F /* IRX */ = {
			isa = PBXGroup;
			children = (
				C3AF261C179452CF0054D90F /* IRXDaemon */,
			);
			name = IRX;
			path = libs/IRX;
			sourceTree = "<group>";
		};
		C3AF261C179452CF0054D90F /* IRXDaemon */ = {
			isa = PBXGroup;
			children = (
				C3AF261D179452CF0054D90F /* src */,
				C3AF263D179452CF0054D90F /* ~original */,
			);
			path = IRXDaemon;
			sourceTree = "<group>";
		};
		C3AF261D179452CF0054D90F /* src */ = {
			isa = PBXGroup;
			children = (
				C3AF261E179452CF0054D90F /* IRXDaemon.cpp */,
				C3AF261F179452CF0054D90F /* IRXDaemon.h */,
				C3AF2620179452CF0054D90F /* libutil-30 */,
				C3AF263B179452CF0054D90F /* main.cpp */,
			);
			path = src;
			sourceTree = "<group>";
		};
		C3AF2620179452CF0054D90F /* libutil-30 */ = {
			isa = PBXGroup;
			children = (
				C3AF2621179452CF0054D90F /* ExtentManager.cpp */,
				C3AF2622179452CF0054D90F /* ExtentManager.h */,
				C3AF2623179452CF0054D90F /* getmntopts.3 */,
				C3AF2624179452CF0054D90F /* getmntopts.c */,
				C3AF2625179452CF0054D90F /* humanize_number.3 */,
				C3AF2626179452CF0054D90F /* humanize_number.c */,
				C3AF2627179452CF0054D90F /* libutil.exports */,
				C3AF2628179452CF0054D90F /* libutil.h */,
				C3AF2629179452CF0054D90F /* libutil.plist */,
				C3AF262A179452CF0054D90F /* libutil.txt */,
				C3AF262B179452CF0054D90F /* libutil.xcodeproj */,
				C3AF262E179452CF0054D90F /* mntopts.h */,
				C3AF262F179452CF0054D90F /* pidfile.3 */,
				C3AF2630179452CF0054D90F /* pidfile.c */,
				C3AF2631179452CF0054D90F /* realhostname.3 */,
				C3AF2632179452CF0054D90F /* realhostname.c */,
				C3AF2633179452CF0054D90F /* realhostname_sa.3 */,
				C3AF2634179452CF0054D90F /* reexec_to_match_kernel.3 */,
				C3AF2635179452CF0054D90F /* reexec_to_match_kernel.c */,
				C3AF2636179452CF0054D90F /* trimdomain.3 */,
				C3AF2637179452CF0054D90F /* trimdomain.c */,
				C3AF2638179452CF0054D90F /* wipefs.3 */,
				C3AF2639179452CF0054D90F /* wipefs.cpp */,
				C3AF263A179452CF0054D90F /* wipefs.h */,
			);
			path = "libutil-30";
			sourceTree = "<group>";
		};
		C3AF262C179452CF0054D90F /* Products */ = {
			isa = PBXGroup;
			children = (
				C3AF264B179452D00054D90F /* libutil1.0.dylib */,
			);
			name = Products;
			sourceTree = "<group>";
		};
		C3AF263D179452CF0054D90F /* ~original */ = {
			isa = PBXGroup;
			children = (
				C3AF263E179452CF0054D90F /* libutil-30.tar.gz */,
			);
			path = "~original";
			sourceTree = "<absolute>";
		};
/* End PBXGroup section */

/* Begin PBXNativeTarget section */
		C329495F1758DB15001190E6 /* templated */ = {
			isa = PBXNativeTarget;
			buildConfigurationList = C32949691758DB15001190E6 /* Build configuration list for PBXNativeTarget "templated" */;
			buildPhases = (
				C329495C1758DB15001190E6 /* Sources */,
				C329495D1758DB15001190E6 /* Frameworks */,
				C329495E1758DB15001190E6 /* CopyFiles */,
			);
			buildRules = (
			);
			dependencies = (
			);
			name = templated;
			productName = templated;
			productReference = C32949601758DB15001190E6 /* templated */;
			productType = "com.apple.product-type.tool";
		};
/* End PBXNativeTarget section */

/* Begin PBXProject section */
		C32949581758DB15001190E6 /* Project object */ = {
			isa = PBXProject;
			attributes = {
				LastUpgradeCheck = 0460;
				ORGANIZATIONNAME = administrator;
			};
			buildConfigurationList = C329495B1758DB15001190E6 /* Build configuration list for PBXProject "templated" */;
			compatibilityVersion = "Xcode 3.2";
			developmentRegion = English;
			hasScannedForEncodings = 0;
			knownRegions = (
				en,
			);
			mainGroup = C32949571758DB15001190E6;
			productRefGroup = C32949611758DB15001190E6 /* Products */;
			projectDirPath = "";
			projectReferences = (
				{
					ProductGroup = C3AF262C179452CF0054D90F /* Products */;
					ProjectRef = C3AF262B179452CF0054D90F /* libutil.xcodeproj */;
				},
			);
			projectRoot = "";
			targets = (
				C329495F1758DB15001190E6 /* templated */,
			);
		};
/* End PBXProject section */

/* Begin PBXReferenceProxy section */
		C3AF264B179452D00054D90F /* libutil1.0.dylib */ = {
			isa = PBXReferenceProxy;
			fileType = "compiled.mach-o.dylib";
			path = libutil1.0.dylib;
			remoteRef = C3AF264A179452D00054D90F /* PBXContainerItemProxy */;
			sourceTree = BUILT_PRODUCTS_DIR;
		};
/* End PBXReferenceProxy section */

/* Begin PBXSourcesBuildPhase section */
		C329495C1758DB15001190E6 /* Sources */ = {
			isa = PBXSourcesBuildPhase;
			buildActionMask = 2147483647;
			files = (
				C3AF263F179452CF0054D90F /* IRXDaemon.cpp in Sources */,
				C3AF2640179452CF0054D90F /* ExtentManager.cpp in Sources */,
				C3AF2641179452CF0054D90F /* getmntopts.c in Sources */,
				C3AF2642179452CF0054D90F /* humanize_number.c in Sources */,
				C3AF2643179452CF0054D90F /* pidfile.c in Sources */,
				C3AF2644179452CF0054D90F /* realhostname.c in Sources */,
				C3AF2645179452CF0054D90F /* reexec_to_match_kernel.c in Sources */,
				C3AF2646179452CF0054D90F /* trimdomain.c in Sources */,
				C3AF2647179452CF0054D90F /* wipefs.cpp in Sources */,
				C3AF2648179452CF0054D90F /* main.cpp in Sources */,
				C3AF264F179455230054D90F /* templated.cpp in Sources */,
			);
			runOnlyForDeploymentPostprocessing = 0;
		};
/* End PBXSourcesBuildPhase section */

/* Begin XCBuildConfiguration section */
		C32949671758DB15001190E6 /* Debug */ = {
			isa = XCBuildConfiguration;
			buildSettings = {
				ALWAYS_SEARCH_USER_PATHS = NO;
				ARCHS = "$(ARCHS_STANDARD_64_BIT)";
				CLANG_CXX_LANGUAGE_STANDARD = "gnu++0x";
				CLANG_CXX_LIBRARY = "libc++";
				CLANG_WARN_CONSTANT_CONVERSION = YES;
				CLANG_WARN_EMPTY_BODY = YES;
				CLANG_WARN_ENUM_CONVERSION = YES;
				CLANG_WARN_INT_CONVERSION = YES;
				CLANG_WARN__DUPLICATE_METHOD_MATCH = YES;
				COPY_PHASE_STRIP = NO;
				GCC_C_LANGUAGE_STANDARD = gnu99;
				GCC_DYNAMIC_NO_PIC = NO;
				GCC_ENABLE_OBJC_EXCEPTIONS = YES;
				GCC_OPTIMIZATION_LEVEL = 0;
				GCC_PREPROCESSOR_DEFINITIONS = (
					"DEBUG=1",
					"$(inherited)",
				);
				GCC_SYMBOLS_PRIVATE_EXTERN = NO;
				GCC_WARN_64_TO_32_BIT_CONVERSION = YES;
				GCC_WARN_ABOUT_RETURN_TYPE = YES;
				GCC_WARN_UNINITIALIZED_AUTOS = YES;
				GCC_WARN_UNUSED_VARIABLE = YES;
				HEADER_SEARCH_PATHS = "\"$(SRCROOT)/libs/IRX/IRXDaemon/src/libutil-30\"";
				MACOSX_DEPLOYMENT_TARGET = 10.7;
				ONLY_ACTIVE_ARCH = YES;
				SDKROOT = "";
			};
			name = Debug;
		};
		C32949681758DB15001190E6 /* Release */ = {
			isa = XCBuildConfiguration;
			buildSettings = {
				ALWAYS_SEARCH_USER_PATHS = NO;
				ARCHS = "$(ARCHS_STANDARD_64_BIT)";
				CLANG_CXX_LANGUAGE_STANDARD = "gnu++0x";
				CLANG_CXX_LIBRARY = "libc++";
				CLANG_WARN_CONSTANT_CONVERSION = YES;
				CLANG_WARN_EMPTY_BODY = YES;
				CLANG_WARN_ENUM_CONVERSION = YES;
				CLANG_WARN_INT_CONVERSION = YES;
				CLANG_WARN__DUPLICATE_METHOD_MATCH = YES;
				COPY_PHASE_STRIP = YES;
				DEBUG_INFORMATION_FORMAT = "dwarf-with-dsym";
				GCC_C_LANGUAGE_STANDARD = gnu99;
				GCC_ENABLE_OBJC_EXCEPTIONS = YES;
				GCC_WARN_64_TO_32_BIT_CONVERSION = YES;
				GCC_WARN_ABOUT_RETURN_TYPE = YES;
				GCC_WARN_UNINITIALIZED_AUTOS = YES;
				GCC_WARN_UNUSED_VARIABLE = YES;
				HEADER_SEARCH_PATHS = "\"$(SRCROOT)/libs/IRX/IRXDaemon/src/libutil-30\"";
				MACOSX_DEPLOYMENT_TARGET = 10.7;
				SDKROOT = "";
			};
			name = Release;
		};
		C329496A1758DB15001190E6 /* Debug */ = {
			isa = XCBuildConfiguration;
			buildSettings = {
				PRODUCT_NAME = "$(TARGET_NAME)";
			};
			name = Debug;
		};
		C329496B1758DB15001190E6 /* Release */ = {
			isa = XCBuildConfiguration;
			buildSettings = {
				PRODUCT_NAME = "$(TARGET_NAME)";
			};
			name = Release;
		};
/* End XCBuildConfiguration section */

/* Begin XCConfigurationList section */
		C329495B1758DB15001190E6 /* Build configuration list for PBXProject "templated" */ = {
			isa = XCConfigurationList;
			buildConfigurations = (
				C32949671758DB15001190E6 /* Debug */,
				C32949681758DB15001190E6 /* Release */,
			);
			defaultConfigurationIsVisible = 0;
			defaultConfigurationName = Release;
		};
		C32949691758DB15001190E6 /* Build configuration list for PBXNativeTarget "templated" */ = {
			isa = XCConfigurationList;
			buildConfigurations = (
				C329496A1758DB15001190E6 /* Debug */,
				C329496B1758DB15001190E6 /* Release */,
			);
			defaultConfigurationIsVisible = 0;
			defaultConfigurationName = Release;
		};
/* End XCConfigurationList section */
	};
	rootObject = C32949581758DB15001190E6 /* Project object */;
}
